// !$*UTF8*$!
{
	archiveVersion = 1;
	classes = {
	};
	objectVersion = 56;
	objects = {

/* Begin PBXBuildFile section */
		70701C542DB48106008919C1 /* UpdatedAppApp.swift in Sources */ = {isa = PBXBuildFile; fileRef = 70701C532DB48106008919C1 /* UpdatedAppApp.swift */; };
		70701C562DB48106008919C1 /* ContentView.swift in Sources */ = {isa = PBXBuildFile; fileRef = 70701C552DB48106008919C1 /* ContentView.swift */; };
		70701C582DB48107008919C1 /* Assets.xcassets in Resources */ = {isa = PBXBuildFile; fileRef = 70701C572DB48107008919C1 /* Assets.xcassets */; };
		70701C5B2DB48107008919C1 /* Preview Assets.xcassets in Resources */ = {isa = PBXBuildFile; fileRef = 70701C5A2DB48107008919C1 /* Preview Assets.xcassets */; };
		70701C622DB481B7008919C1 /* SignInView.swift in Sources */ = {isa = PBXBuildFile; fileRef = 70701C612DB481B7008919C1 /* SignInView.swift */; };
		70701C642DB481D7008919C1 /* SignUpView.swift in Sources */ = {isa = PBXBuildFile; fileRef = 70701C632DB481D7008919C1 /* SignUpView.swift */; };
		70701C662DB48212008919C1 /* User.swift in Sources */ = {isa = PBXBuildFile; fileRef = 70701C652DB48212008919C1 /* User.swift */; };
		70701C682DB4822C008919C1 /* WelcomeView.swift in Sources */ = {isa = PBXBuildFile; fileRef = 70701C672DB4822C008919C1 /* WelcomeView.swift */; };
		70701C6A2DB4AC7F008919C1 /* Transaction.swift in Sources */ = {isa = PBXBuildFile; fileRef = 70701C692DB4AC7F008919C1 /* Transaction.swift */; };
		70701C6C2DB4ACB1008919C1 /* TransactionManager.swift in Sources */ = {isa = PBXBuildFile; fileRef = 70701C6B2DB4ACB1008919C1 /* TransactionManager.swift */; };
		70701C6E2DB4ACE2008919C1 /* MainMenuView.swift in Sources */ = {isa = PBXBuildFile; fileRef = 70701C6D2DB4ACE2008919C1 /* MainMenuView.swift */; };
		70701C702DB4AD08008919C1 /* AddTransactionView.swift in Sources */ = {isa = PBXBuildFile; fileRef = 70701C6F2DB4AD08008919C1 /* AddTransactionView.swift */; };
		70701C722DB4E4E5008919C1 /* ProfileView.swift in Sources */ = {isa = PBXBuildFile; fileRef = 70701C712DB4E4E5008919C1 /* ProfileView.swift */; };
		70A79DCE2DB82203002B92EB /* AuthenticationManager.swift in Sources */ = {isa = PBXBuildFile; fileRef = 70A79DCD2DB82203002B92EB /* AuthenticationManager.swift */; };
		70A79DD02DB829F4002B92EB /* AppState.swift in Sources */ = {isa = PBXBuildFile; fileRef = 70A79DCF2DB829F4002B92EB /* AppState.swift */; };
		70C098422DBA338500B30A3B /* CurrencyPickerView.swift in Sources */ = {isa = PBXBuildFile; fileRef = 70C098412DBA338500B30A3B /* CurrencyPickerView.swift */; };
		70C098442DBA782D00B30A3B /* MoreInfoView.swift in Sources */ = {isa = PBXBuildFile; fileRef = 70C098432DBA782D00B30A3B /* MoreInfoView.swift */; };
		70C098462DBA784600B30A3B /* ChatbotView.swift in Sources */ = {isa = PBXBuildFile; fileRef = 70C098452DBA784600B30A3B /* ChatbotView.swift */; };
		70C098482DBA891700B30A3B /* CurrencyConverterView.swift in Sources */ = {isa = PBXBuildFile; fileRef = 70C098472DBA891700B30A3B /* CurrencyConverterView.swift */; };
/* End PBXBuildFile section */

/* Begin PBXFileReference section */
		70701C502DB48106008919C1 /* UpdatedApp.app */ = {isa = PBXFileReference; explicitFileType = wrapper.application; includeInIndex = 0; path = UpdatedApp.app; sourceTree = BUILT_PRODUCTS_DIR; };
		70701C532DB48106008919C1 /* UpdatedAppApp.swift */ = {isa = PBXFileReference; lastKnownFileType = sourcecode.swift; path = UpdatedAppApp.swift; sourceTree = "<group>"; };
		70701C552DB48106008919C1 /* ContentView.swift */ = {isa = PBXFileReference; lastKnownFileType = sourcecode.swift; path = ContentView.swift; sourceTree = "<group>"; };
		70701C572DB48107008919C1 /* Assets.xcassets */ = {isa = PBXFileReference; lastKnownFileType = folder.assetcatalog; path = Assets.xcassets; sourceTree = "<group>"; };
		70701C5A2DB48107008919C1 /* Preview Assets.xcassets */ = {isa = PBXFileReference; lastKnownFileType = folder.assetcatalog; path = "Preview Assets.xcassets"; sourceTree = "<group>"; };
		70701C612DB481B7008919C1 /* SignInView.swift */ = {isa = PBXFileReference; lastKnownFileType = sourcecode.swift; path = SignInView.swift; sourceTree = "<group>"; };
		70701C632DB481D7008919C1 /* SignUpView.swift */ = {isa = PBXFileReference; lastKnownFileType = sourcecode.swift; path = SignUpView.swift; sourceTree = "<group>"; };
		70701C652DB48212008919C1 /* User.swift */ = {isa = PBXFileReference; lastKnownFileType = sourcecode.swift; path = User.swift; sourceTree = "<group>"; };
		70701C672DB4822C008919C1 /* WelcomeView.swift */ = {isa = PBXFileReference; lastKnownFileType = sourcecode.swift; path = WelcomeView.swift; sourceTree = "<group>"; };
		70701C692DB4AC7F008919C1 /* Transaction.swift */ = {isa = PBXFileReference; lastKnownFileType = sourcecode.swift; path = Transaction.swift; sourceTree = "<group>"; };
		70701C6B2DB4ACB1008919C1 /* TransactionManager.swift */ = {isa = PBXFileReference; lastKnownFileType = sourcecode.swift; path = TransactionManager.swift; sourceTree = "<group>"; };
		70701C6D2DB4ACE2008919C1 /* MainMenuView.swift */ = {isa = PBXFileReference; lastKnownFileType = sourcecode.swift; path = MainMenuView.swift; sourceTree = "<group>"; };
		70701C6F2DB4AD08008919C1 /* AddTransactionView.swift */ = {isa = PBXFileReference; lastKnownFileType = sourcecode.swift; path = AddTransactionView.swift; sourceTree = "<group>"; };
		70701C712DB4E4E5008919C1 /* ProfileView.swift */ = {isa = PBXFileReference; lastKnownFileType = sourcecode.swift; path = ProfileView.swift; sourceTree = "<group>"; };
		70A79DCD2DB82203002B92EB /* AuthenticationManager.swift */ = {isa = PBXFileReference; lastKnownFileType = sourcecode.swift; path = AuthenticationManager.swift; sourceTree = "<group>"; };
		70A79DCF2DB829F4002B92EB /* AppState.swift */ = {isa = PBXFileReference; lastKnownFileType = sourcecode.swift; path = AppState.swift; sourceTree = "<group>"; };
		70C098412DBA338500B30A3B /* CurrencyPickerView.swift */ = {isa = PBXFileReference; lastKnownFileType = sourcecode.swift; path = CurrencyPickerView.swift; sourceTree = "<group>"; };
		70C098432DBA782D00B30A3B /* MoreInfoView.swift */ = {isa = PBXFileReference; lastKnownFileType = sourcecode.swift; path = MoreInfoView.swift; sourceTree = "<group>"; };
		70C098452DBA784600B30A3B /* ChatbotView.swift */ = {isa = PBXFileReference; lastKnownFileType = sourcecode.swift; path = ChatbotView.swift; sourceTree = "<group>"; };
		70C098472DBA891700B30A3B /* CurrencyConverterView.swift */ = {isa = PBXFileReference; lastKnownFileType = sourcecode.swift; path = CurrencyConverterView.swift; sourceTree = "<group>"; };
/* End PBXFileReference section */

/* Begin PBXFrameworksBuildPhase section */
		70701C4D2DB48106008919C1 /* Frameworks */ = {
			isa = PBXFrameworksBuildPhase;
			buildActionMask = 2147483647;
			files = (
			);
			runOnlyForDeploymentPostprocessing = 0;
		};
/* End PBXFrameworksBuildPhase section */

/* Begin PBXGroup section */
		70701C472DB48106008919C1 = {
			isa = PBXGroup;
			children = (
				70701C522DB48106008919C1 /* UpdatedApp */,
				70701C512DB48106008919C1 /* Products */,
			);
			sourceTree = "<group>";
		};
		70701C512DB48106008919C1 /* Products */ = {
			isa = PBXGroup;
			children = (
				70701C502DB48106008919C1 /* UpdatedApp.app */,
			);
			name = Products;
			sourceTree = "<group>";
		};
		70701C522DB48106008919C1 /* UpdatedApp */ = {
			isa = PBXGroup;
			children = (
				70701C532DB48106008919C1 /* UpdatedAppApp.swift */,
				70701C552DB48106008919C1 /* ContentView.swift */,
				70701C572DB48107008919C1 /* Assets.xcassets */,
				70701C592DB48107008919C1 /* Preview Content */,
				70701C612DB481B7008919C1 /* SignInView.swift */,
				70701C632DB481D7008919C1 /* SignUpView.swift */,
				70701C652DB48212008919C1 /* User.swift */,
				70701C672DB4822C008919C1 /* WelcomeView.swift */,
				70701C692DB4AC7F008919C1 /* Transaction.swift */,
				70701C6B2DB4ACB1008919C1 /* TransactionManager.swift */,
				70701C6D2DB4ACE2008919C1 /* MainMenuView.swift */,
				70701C6F2DB4AD08008919C1 /* AddTransactionView.swift */,
				70701C712DB4E4E5008919C1 /* ProfileView.swift */,
				70A79DCD2DB82203002B92EB /* AuthenticationManager.swift */,
				70A79DCF2DB829F4002B92EB /* AppState.swift */,
				70C098412DBA338500B30A3B /* CurrencyPickerView.swift */,
				70C098432DBA782D00B30A3B /* MoreInfoView.swift */,
				70C098452DBA784600B30A3B /* ChatbotView.swift */,
				70C098472DBA891700B30A3B /* CurrencyConverterView.swift */,
			);
			path = UpdatedApp;
			sourceTree = "<group>";
		};
		70701C592DB48107008919C1 /* Preview Content */ = {
			isa = PBXGroup;
			children = (
				70701C5A2DB48107008919C1 /* Preview Assets.xcassets */,
			);
			path = "Preview Content";
			sourceTree = "<group>";
		};
/* End PBXGroup section */

/* Begin PBXNativeTarget section */
		70701C4F2DB48106008919C1 /* UpdatedApp */ = {
			isa = PBXNativeTarget;
			buildConfigurationList = 70701C5E2DB48107008919C1 /* Build configuration list for PBXNativeTarget "UpdatedApp" */;
			buildPhases = (
				70701C4C2DB48106008919C1 /* Sources */,
				70701C4D2DB48106008919C1 /* Frameworks */,
				70701C4E2DB48106008919C1 /* Resources */,
			);
			buildRules = (
			);
			dependencies = (
			);
			name = UpdatedApp;
			productName = UpdatedApp;
			productReference = 70701C502DB48106008919C1 /* UpdatedApp.app */;
			productType = "com.apple.product-type.application";
		};
/* End PBXNativeTarget section */

/* Begin PBXProject section */
		70701C482DB48106008919C1 /* Project object */ = {
			isa = PBXProject;
			attributes = {
				BuildIndependentTargetsInParallel = 1;
				LastSwiftUpdateCheck = 1540;
				LastUpgradeCheck = 1540;
				TargetAttributes = {
					70701C4F2DB48106008919C1 = {
						CreatedOnToolsVersion = 15.4;
					};
				};
			};
			buildConfigurationList = 70701C4B2DB48106008919C1 /* Build configuration list for PBXProject "UpdatedApp" */;
			compatibilityVersion = "Xcode 14.0";
			developmentRegion = en;
			hasScannedForEncodings = 0;
			knownRegions = (
				en,
				Base,
			);
			mainGroup = 70701C472DB48106008919C1;
			productRefGroup = 70701C512DB48106008919C1 /* Products */;
			projectDirPath = "";
			projectRoot = "";
			targets = (
				70701C4F2DB48106008919C1 /* UpdatedApp */,
			);
		};
/* End PBXProject section */

/* Begin PBXResourcesBuildPhase section */
		70701C4E2DB48106008919C1 /* Resources */ = {
			isa = PBXResourcesBuildPhase;
			buildActionMask = 2147483647;
			files = (
				70701C5B2DB48107008919C1 /* Preview Assets.xcassets in Resources */,
				70701C582DB48107008919C1 /* Assets.xcassets in Resources */,
			);
			runOnlyForDeploymentPostprocessing = 0;
		};
/* End PBXResourcesBuildPhase section */

/* Begin PBXSourcesBuildPhase section */
		70701C4C2DB48106008919C1 /* Sources */ = {
			isa = PBXSourcesBuildPhase;
			buildActionMask = 2147483647;
			files = (
				70701C6A2DB4AC7F008919C1 /* Transaction.swift in Sources */,
				70C098442DBA782D00B30A3B /* MoreInfoView.swift in Sources */,
				70701C642DB481D7008919C1 /* SignUpView.swift in Sources */,
				70701C682DB4822C008919C1 /* WelcomeView.swift in Sources */,
				70701C6E2DB4ACE2008919C1 /* MainMenuView.swift in Sources */,
				70701C622DB481B7008919C1 /* SignInView.swift in Sources */,
				70C098482DBA891700B30A3B /* CurrencyConverterView.swift in Sources */,
				70701C6C2DB4ACB1008919C1 /* TransactionManager.swift in Sources */,
				70701C562DB48106008919C1 /* ContentView.swift in Sources */,
				70701C662DB48212008919C1 /* User.swift in Sources */,
				70701C542DB48106008919C1 /* UpdatedAppApp.swift in Sources */,
				70A79DCE2DB82203002B92EB /* AuthenticationManager.swift in Sources */,
				70A79DD02DB829F4002B92EB /* AppState.swift in Sources */,
				70C098462DBA784600B30A3B /* ChatbotView.swift in Sources */,
				70C098422DBA338500B30A3B /* CurrencyPickerView.swift in Sources */,
				70701C722DB4E4E5008919C1 /* ProfileView.swift in Sources */,
				70701C702DB4AD08008919C1 /* AddTransactionView.swift in Sources */,
			);
			runOnlyForDeploymentPostprocessing = 0;
		};
/* End PBXSourcesBuildPhase section */

/* Begin XCBuildConfiguration section */
		70701C5C2DB48107008919C1 /* Debug */ = {
			isa = XCBuildConfiguration;
			buildSettings = {
				ALWAYS_SEARCH_USER_PATHS = NO;
				ASSETCATALOG_COMPILER_GENERATE_SWIFT_ASSET_SYMBOL_EXTENSIONS = YES;
				CLANG_ANALYZER_NONNULL = YES;
				CLANG_ANALYZER_NUMBER_OBJECT_CONVERSION = YES_AGGRESSIVE;
				CLANG_CXX_LANGUAGE_STANDARD = "gnu++20";
				CLANG_ENABLE_MODULES = YES;
				CLANG_ENABLE_OBJC_ARC = YES;
				CLANG_ENABLE_OBJC_WEAK = YES;
				CLANG_WARN_BLOCK_CAPTURE_AUTORELEASING = YES;
				CLANG_WARN_BOOL_CONVERSION = YES;
				CLANG_WARN_COMMA = YES;
				CLANG_WARN_CONSTANT_CONVERSION = YES;
				CLANG_WARN_DEPRECATED_OBJC_IMPLEMENTATIONS = YES;
				CLANG_WARN_DIRECT_OBJC_ISA_USAGE = YES_ERROR;
				CLANG_WARN_DOCUMENTATION_COMMENTS = YES;
				CLANG_WARN_EMPTY_BODY = YES;
				CLANG_WARN_ENUM_CONVERSION = YES;
				CLANG_WARN_INFINITE_RECURSION = YES;
				CLANG_WARN_INT_CONVERSION = YES;
				CLANG_WARN_NON_LITERAL_NULL_CONVERSION = YES;
				CLANG_WARN_OBJC_IMPLICIT_RETAIN_SELF = YES;
				CLANG_WARN_OBJC_LITERAL_CONVERSION = YES;
				CLANG_WARN_OBJC_ROOT_CLASS = YES_ERROR;
				CLANG_WARN_QUOTED_INCLUDE_IN_FRAMEWORK_HEADER = YES;
				CLANG_WARN_RANGE_LOOP_ANALYSIS = YES;
				CLANG_WARN_STRICT_PROTOTYPES = YES;
				CLANG_WARN_SUSPICIOUS_MOVE = YES;
				CLANG_WARN_UNGUARDED_AVAILABILITY = YES_AGGRESSIVE;
				CLANG_WARN_UNREACHABLE_CODE = YES;
				CLANG_WARN__DUPLICATE_METHOD_MATCH = YES;
				COPY_PHASE_STRIP = NO;
				DEBUG_INFORMATION_FORMAT = dwarf;
				ENABLE_STRICT_OBJC_MSGSEND = YES;
				ENABLE_TESTABILITY = YES;
				ENABLE_USER_SCRIPT_SANDBOXING = YES;
				GCC_C_LANGUAGE_STANDARD = gnu17;
				GCC_DYNAMIC_NO_PIC = NO;
				GCC_NO_COMMON_BLOCKS = YES;
				GCC_OPTIMIZATION_LEVEL = 0;
				GCC_PREPROCESSOR_DEFINITIONS = (
					"DEBUG=1",
					"$(inherited)",
				);
				GCC_WARN_64_TO_32_BIT_CONVERSION = YES;
				GCC_WARN_ABOUT_RETURN_TYPE = YES_ERROR;
				GCC_WARN_UNDECLARED_SELECTOR = YES;
				GCC_WARN_UNINITIALIZED_AUTOS = YES_AGGRESSIVE;
				GCC_WARN_UNUSED_FUNCTION = YES;
				GCC_WARN_UNUSED_VARIABLE = YES;
				IPHONEOS_DEPLOYMENT_TARGET = 17.5;
				LOCALIZATION_PREFERS_STRING_CATALOGS = YES;
				MTL_ENABLE_DEBUG_INFO = INCLUDE_SOURCE;
				MTL_FAST_MATH = YES;
				ONLY_ACTIVE_ARCH = YES;
				SDKROOT = iphoneos;
				SWIFT_ACTIVE_COMPILATION_CONDITIONS = "DEBUG $(inherited)";
				SWIFT_OPTIMIZATION_LEVEL = "-Onone";
			};
			name = Debug;
		};
		70701C5D2DB48107008919C1 /* Release */ = {
			isa = XCBuildConfiguration;
			buildSettings = {
				ALWAYS_SEARCH_USER_PATHS = NO;
				ASSETCATALOG_COMPILER_GENERATE_SWIFT_ASSET_SYMBOL_EXTENSIONS = YES;
				CLANG_ANALYZER_NONNULL = YES;
				CLANG_ANALYZER_NUMBER_OBJECT_CONVERSION = YES_AGGRESSIVE;
				CLANG_CXX_LANGUAGE_STANDARD = "gnu++20";
				CLANG_ENABLE_MODULES = YES;
				CLANG_ENABLE_OBJC_ARC = YES;
				CLANG_ENABLE_OBJC_WEAK = YES;
				CLANG_WARN_BLOCK_CAPTURE_AUTORELEASING = YES;
				CLANG_WARN_BOOL_CONVERSION = YES;
				CLANG_WARN_COMMA = YES;
				CLANG_WARN_CONSTANT_CONVERSION = YES;
				CLANG_WARN_DEPRECATED_OBJC_IMPLEMENTATIONS = YES;
				CLANG_WARN_DIRECT_OBJC_ISA_USAGE = YES_ERROR;
				CLANG_WARN_DOCUMENTATION_COMMENTS = YES;
				CLANG_WARN_EMPTY_BODY = YES;
				CLANG_WARN_ENUM_CONVERSION = YES;
				CLANG_WARN_INFINITE_RECURSION = YES;
				CLANG_WARN_INT_CONVERSION = YES;
				CLANG_WARN_NON_LITERAL_NULL_CONVERSION = YES;
				CLANG_WARN_OBJC_IMPLICIT_RETAIN_SELF = YES;
				CLANG_WARN_OBJC_LITERAL_CONVERSION = YES;
				CLANG_WARN_OBJC_ROOT_CLASS = YES_ERROR;
				CLANG_WARN_QUOTED_INCLUDE_IN_FRAMEWORK_HEADER = YES;
				CLANG_WARN_RANGE_LOOP_ANALYSIS = YES;
				CLANG_WARN_STRICT_PROTOTYPES = YES;
				CLANG_WARN_SUSPICIOUS_MOVE = YES;
				CLANG_WARN_UNGUARDED_AVAILABILITY = YES_AGGRESSIVE;
				CLANG_WARN_UNREACHABLE_CODE = YES;
				CLANG_WARN__DUPLICATE_METHOD_MATCH = YES;
				COPY_PHASE_STRIP = NO;
				DEBUG_INFORMATION_FORMAT = "dwarf-with-dsym";
				ENABLE_NS_ASSERTIONS = NO;
				ENABLE_STRICT_OBJC_MSGSEND = YES;
				ENABLE_USER_SCRIPT_SANDBOXING = YES;
				GCC_C_LANGUAGE_STANDARD = gnu17;
				GCC_NO_COMMON_BLOCKS = YES;
				GCC_WARN_64_TO_32_BIT_CONVERSION = YES;
				GCC_WARN_ABOUT_RETURN_TYPE = YES_ERROR;
				GCC_WARN_UNDECLARED_SELECTOR = YES;
				GCC_WARN_UNINITIALIZED_AUTOS = YES_AGGRESSIVE;
				GCC_WARN_UNUSED_FUNCTION = YES;
				GCC_WARN_UNUSED_VARIABLE = YES;
				IPHONEOS_DEPLOYMENT_TARGET = 17.5;
				LOCALIZATION_PREFERS_STRING_CATALOGS = YES;
				MTL_ENABLE_DEBUG_INFO = NO;
				MTL_FAST_MATH = YES;
				SDKROOT = iphoneos;
				SWIFT_COMPILATION_MODE = wholemodule;
				VALIDATE_PRODUCT = YES;
			};
			name = Release;
		};
		70701C5F2DB48107008919C1 /* Debug */ = {
			isa = XCBuildConfiguration;
			buildSettings = {
				ASSETCATALOG_COMPILER_APPICON_NAME = AppIcon;
				ASSETCATALOG_COMPILER_GLOBAL_ACCENT_COLOR_NAME = AccentColor;
				CODE_SIGN_STYLE = Automatic;
				CURRENT_PROJECT_VERSION = 1;
				DEVELOPMENT_ASSET_PATHS = "\"UpdatedApp/Preview Content\"";
				DEVELOPMENT_TEAM = FFV9ZAPNUZ;
				ENABLE_PREVIEWS = YES;
				GENERATE_INFOPLIST_FILE = YES;
				INFOPLIST_KEY_UIApplicationSceneManifest_Generation = YES;
				INFOPLIST_KEY_UIApplicationSupportsIndirectInputEvents = YES;
				INFOPLIST_KEY_UILaunchScreen_Generation = YES;
				INFOPLIST_KEY_UISupportedInterfaceOrientations_iPad = "UIInterfaceOrientationPortrait UIInterfaceOrientationPortraitUpsideDown UIInterfaceOrientationLandscapeLeft UIInterfaceOrientationLandscapeRight";
				INFOPLIST_KEY_UISupportedInterfaceOrientations_iPhone = "UIInterfaceOrientationPortrait UIInterfaceOrientationLandscapeLeft UIInterfaceOrientationLandscapeRight";
				LD_RUNPATH_SEARCH_PATHS = (
					"$(inherited)",
					"@executable_path/Frameworks",
				);
				MARKETING_VERSION = 1.0;
				PRODUCT_BUNDLE_IDENTIFIER = com.akhilapasupunuri.UpdatedApp;
				PRODUCT_NAME = "$(TARGET_NAME)";
				SWIFT_EMIT_LOC_STRINGS = YES;
				SWIFT_VERSION = 5.0;
				TARGETED_DEVICE_FAMILY = "1,2";
			};
			name = Debug;
		};
		70701C602DB48107008919C1 /* Release */ = {
			isa = XCBuildConfiguration;
			buildSettings = {
				ASSETCATALOG_COMPILER_APPICON_NAME = AppIcon;
				ASSETCATALOG_COMPILER_GLOBAL_ACCENT_COLOR_NAME = AccentColor;
				CODE_SIGN_STYLE = Automatic;
				CURRENT_PROJECT_VERSION = 1;
				DEVELOPMENT_ASSET_PATHS = "\"UpdatedApp/Preview Content\"";
				DEVELOPMENT_TEAM = FFV9ZAPNUZ;
				ENABLE_PREVIEWS = YES;
				GENERATE_INFOPLIST_FILE = YES;
				INFOPLIST_KEY_UIApplicationSceneManifest_Generation = YES;
				INFOPLIST_KEY_UIApplicationSupportsIndirectInputEvents = YES;
				INFOPLIST_KEY_UILaunchScreen_Generation = YES;
				INFOPLIST_KEY_UISupportedInterfaceOrientations_iPad = "UIInterfaceOrientationPortrait UIInterfaceOrientationPortraitUpsideDown UIInterfaceOrientationLandscapeLeft UIInterfaceOrientationLandscapeRight";
				INFOPLIST_KEY_UISupportedInterfaceOrientations_iPhone = "UIInterfaceOrientationPortrait UIInterfaceOrientationLandscapeLeft UIInterfaceOrientationLandscapeRight";
				LD_RUNPATH_SEARCH_PATHS = (
					"$(inherited)",
					"@executable_path/Frameworks",
				);
				MARKETING_VERSION = 1.0;
				PRODUCT_BUNDLE_IDENTIFIER = com.akhilapasupunuri.UpdatedApp;
				PRODUCT_NAME = "$(TARGET_NAME)";
				SWIFT_EMIT_LOC_STRINGS = YES;
				SWIFT_VERSION = 5.0;
				TARGETED_DEVICE_FAMILY = "1,2";
			};
			name = Release;
		};
/* End XCBuildConfiguration section */

/* Begin XCConfigurationList section */
		70701C4B2DB48106008919C1 /* Build configuration list for PBXProject "UpdatedApp" */ = {
			isa = XCConfigurationList;
			buildConfigurations = (
				70701C5C2DB48107008919C1 /* Debug */,
				70701C5D2DB48107008919C1 /* Release */,
			);
			defaultConfigurationIsVisible = 0;
			defaultConfigurationName = Release;
		};
		70701C5E2DB48107008919C1 /* Build configuration list for PBXNativeTarget "UpdatedApp" */ = {
			isa = XCConfigurationList;
			buildConfigurations = (
				70701C5F2DB48107008919C1 /* Debug */,
				70701C602DB48107008919C1 /* Release */,
			);
			defaultConfigurationIsVisible = 0;
			defaultConfigurationName = Release;
		};
/* End XCConfigurationList section */
	};
	rootObject = 70701C482DB48106008919C1 /* Project object */;
}
